Microsoft Visual Studio Solution File, Format Version 12.00
# Visual Studio Version 17
VisualStudioVersion = 17.0.31903.59
MinimumVisualStudioVersion = 10.0.40219.1
Project("{FAE04EC0-301F-11D3-BF4B-00C04F79EFBC}") = "ClassIsland.Automation.Core", "ClassIsland.Automation.Core\ClassIsland.Automation.Core.csproj", "{B8D6C1AE-73C8-4D2F-A086-455DF8B6FA11}"
EndProject
Project("{FAE04EC0-301F-11D3-BF4B-00C04F79EFBC}") = "ClassIsland.Automation.V2", "ClassIsland.Automation.V2\ClassIsland.Automation.V2.csproj", "{B8D6C1AE-73C8-4D2F-A086-455DF8B6FA22}"
EndProject
Project("{FAE04EC0-301F-11D3-BF4B-00C04F79EFBC}") = "ClassIsland.Automation.V1", "ClassIsland.Automation.V1\ClassIsland.Automation.V1.csproj", "{B8D6C1AE-73C8-4D2F-A086-455DF8B6FA33}"
EndProject
Global
	GlobalSection(SolutionConfigurationPlatforms) = preSolution
		Debug|Any CPU = Debug|Any CPU
		Release|Any CPU = Release|Any CPU
	EndGlobalSection
	GlobalSection(ProjectConfigurationPlatforms) = postSolution
		{B8D6C1AE-73C8-4D2F-A086-455DF8B6FA11}.Debug|Any CPU.ActiveCfg = Debug|Any CPU
		{B8D6C1AE-73C8-4D2F-A086-455DF8B6FA11}.Debug|Any CPU.Build.0 = Debug|Any CPU
		{B8D6C1AE-73C8-4D2F-A086-455DF8B6FA11}.Release|Any CPU.ActiveCfg = Release|Any CPU
		{B8D6C1AE-73C8-4D2F-A086-455DF8B6FA11}.Release|Any CPU.Build.0 = Release|Any CPU
		{B8D6C1AE-73C8-4D2F-A086-455DF8B6FA22}.Debug|Any CPU.ActiveCfg = Debug|Any CPU
		{B8D6C1AE-73C8-4D2F-A086-455DF8B6FA22}.Debug|Any CPU.Build.0 = Debug|Any CPU
		{B8D6C1AE-73C8-4D2F-A086-455DF8B6FA22}.Release|Any CPU.ActiveCfg = Release|Any CPU
		{B8D6C1AE-73C8-4D2F-A086-455DF8B6FA22}.Release|Any CPU.Build.0 = Release|Any CPU
		{B8D6C1AE-73C8-4D2F-A086-455DF8B6FA33}.Debug|Any CPU.ActiveCfg = Debug|Any CPU
		{B8D6C1AE-73C8-4D2F-A086-455DF8B6FA33}.Debug|Any CPU.Build.0 = Debug|Any CPU
		{B8D6C1AE-73C8-4D2F-A086-455DF8B6FA33}.Release|Any CPU.ActiveCfg = Release|Any CPU
		{B8D6C1AE-73C8-4D2F-A086-455DF8B6FA33}.Release|Any CPU.Build.0 = Release|Any CPU
	EndGlobalSection
EndGlobal
